dependencies:
- name: netbird
  repository: https://netbirdio.github.io/helms
  version: 1.9.0
- name: coturn
  repository: https://small-hack.github.io/coturn-chart/
  version: 9.4.0
- name: kubeaid-addons
  repository: file://../kubeaid-addons
  version: 0.1.0
digest: sha256:a4c3a5fd861035bbd175f5a2448e6cf6d6751b6747b652c0cf9bc02b038b151c
generated: "2026-05-14T10:20:34.793181582+05:30"
