dependencies:
- name: rook-ceph
  repository: https://charts.rook.io/release
  version: v1.17.2
- name: rook-ceph-cluster
  repository: https://charts.rook.io/release
  version: v1.18.2
digest: sha256:b5c1575ae1bea4ae4fe508f15611e40022f3cb805385f90a087727a39cd5b3cb
generated: "2025-09-15T18:04:07.705500551+05:30"
