dependencies:
- name: rook-ceph
  repository: https://charts.rook.io/release
  version: v1.17.2
- name: rook-ceph-cluster
  repository: https://charts.rook.io/release
  version: v1.17.6
digest: sha256:cbf8d50f38c5215f9efab0714e2379d21de4882665003899829d1c453a3fabc1
generated: "2025-07-14T17:48:04.1241883+05:30"
