{
  "version": 4,
  "terraform_version": "1.1.7",
  "serial": 53,
  "lineage": "cb4db7e7-e87f-712b-cf3c-bcc4431edc52",
  "outputs": {
    "gitlab_dns_name": {
      "value": "kilroy-gitlabxi.northeurope.cloudapp.azure.com",
      "type": "string"
    },
    "gitlab_password": {
      "value": {
        "id": "none",
        "keepers": null,
        "length": 16,
        "lower": true,
        "min_lower": 0,
        "min_numeric": 0,
        "min_special": 0,
        "min_upper": 0,
        "number": true,
        "override_special": "_%@",
        "result": "dkc0yL_kdBowoMoH",
        "special": true,
        "upper": true
      },
      "type": [
        "object",
        {
          "id": "string",
          "keepers": [
            "map",
            "string"
          ],
          "length": "number",
          "lower": "bool",
          "min_lower": "number",
          "min_numeric": "number",
          "min_special": "number",
          "min_upper": "number",
          "number": "bool",
          "override_special": "string",
          "result": "string",
          "special": "bool",
          "upper": "bool"
        }
      ],
      "sensitive": true
    },
    "gitlab_vm_id": {
      "value": "/subscriptions/bd59662e-a78e-4d7c-84f6-9d9ad1883726/resourceGroups/obmondo-aks/providers/Microsoft.Compute/virtualMachines/kilroy-gitlabxi",
      "type": "string"
    },
    "gitlab_vm_ip_address": {
      "value": "20.234.22.119",
      "type": "string"
    },
    "gitlab_vm_name": {
      "value": "kilroy-gitlabxi",
      "type": "string"
    },
    "tls_private_key": {
      "value": "ssh-rsa AAAAB3NzaC1yc2EAAAADAQABAAACAQDGVJnKUzdj6MO2cS0HlvF6L1aGhnCeo6cfU0KNbObBhcPJbTv4tgHj8li92yC66InCT/MM7gdKGTGNre6ZUJw432GK8i3EgpYyFSC1atsZvWRgcSCJ1MHzqoHkHrsws66AzCMVF/i1F5M7xRwHExrLeoijDQ13GH9Bj5e6ygtuOqp0NCc65AIObMJ9brD9zsthD07AB37EQCpO7lhdgY4saZQ9c961lhpLbAVHOoLkNKHno4dnmUrR8MLGcj0sAAU545wDG/JpuXsbxt9O7XdkYXUGK1tb4daG7FfVefgr43l79yzP0ZG/TN/uz/XADbE4nOtecMpKRHe3KpZdIa1k3PL0GDgzKDfWmDCE15/VNWphM9qAjDKmswG7ioEwFnwlomot/mzCNmTlls2aiUqb576GvoJxZqBnciep4sYRlSXV0OqHpV+5BhvQy22vE1raxg3rB4Z9LqRAOVSVMVbJjbL7fwTQbq316XpfjLE89WO/7UbO/CW3r5y5vokcLEodJuj62094zj1zmhfREgxkCeJLgfiya2705ZHcBpDGknm6fUF0zsAIRIua7v3iksB8lzezl1U6SzR2MP5fLoploZY4KNzbO6ZjhAUYKnJOnxSd5uZTuaIu3zF8fG8fyCLpMbu9jq+nvkW5x+VC+FQOATtS29sG16i7CRJk0Digrw==\n",
      "type": "string"
    }
  },
  "resources": [
    {
      "mode": "data",
      "type": "azurerm_resource_group",
      "name": "rg-gitlab",
      "provider": "provider[\"registry.terraform.io/hashicorp/azurerm\"]",
      "instances": [
        {
          "schema_version": 0,
          "attributes": {
            "id": "/subscriptions/bd59662e-a78e-4d7c-84f6-9d9ad1883726/resourceGroups/obmondo-aks",
            "location": "northeurope",
            "name": "obmondo-aks",
            "tags": {},
            "timeouts": null
          },
          "sensitive_attributes": []
        }
      ]
    },
    {
      "mode": "data",
      "type": "template_file",
      "name": "init-gitlab",
      "provider": "provider[\"registry.terraform.io/hashicorp/template\"]",
      "instances": [
        {
          "schema_version": 0,
          "attributes": {
            "filename": null,
            "id": "add7d34d8a7ee57bf9496ad88aa0fcde7e1fb59ef46e63e70ff1b6887abaae98",
            "rendered": "# All actions based on https://docs.gitlab.com/ee/install/azure/\r\nexport config_file=/etc/gitlab/gitlab.rb\r\nexport external_url=https://kilroy-gitlabxi.northeurope.cloudapp.azure.com\r\nexport password=dkc0yL_kdBowoMoH\r\nexport personal_access_token=od7cnFMCtCTWff6OPHHE\r\n\r\n# sleep for DNS to refresh\r\nsleep 300\r\n\r\n# Replace External  URL\r\nsed -i \"s,^external_url.*$,external_url '$external_url',g\" $config_file\r\n\r\n# Disable HTTPS Redirect\r\nperl -pi.bak1 -e 's/(^nginx\\[.redire.*$)/# $1/g' $config_file\r\n\r\n# Disable integrated SSL Certificate\r\nperl -pi.bak2 -e 's/(^nginx\\[.ssl_certifi.*$)/# $1/g' $config_file\r\n\r\n# Enable Lets Encrypt (if commented)\r\nperl -pi.bak3 -e 's/# (letsencrypt\\[.enable.*= )(.*$)/$1true/g' $config_file \r\n\r\n# Enable Lets Encrypt (if not commented)\r\nperl -pi.bak3 -e 's/(letsencrypt\\[.enable.*= )(.*$)/$1true/g' $config_file \r\n\r\n# Reconfigure Gitlab after Config Modification\r\ngitlab-ctl reconfigure\r\n\r\n# Prevent Reset after reboot\r\nmv /opt/bitnami/apps/gitlab/bnconfig /opt/bitnami/apps/gitlab/bnconfig.bak\r\n\r\n# Resetting Password\r\ngitlab-rails runner -e production \"  \\\r\n  user = User.find(1);                  \\\r\n  user.password = user.password_confirmation = '$password'; \\\r\n  user.save!\"\r\n\r\n# Generate Automation PAT\r\ngitlab-rails runner \" \\\r\n  token = User.find(1).personal_access_tokens.create(scopes: [:api, :write_repository, :write_registry, :sudo], name: 'automation');  \\\r\n  token.set_token('$personal_access_token');  \\\r\n  token.save!\"",
            "template": "# All actions based on https://docs.gitlab.com/ee/install/azure/\r\nexport config_file=/etc/gitlab/gitlab.rb\r\nexport external_url=${EXTERNAL_URL}\r\nexport password=${PASSWORD}\r\nexport personal_access_token=${PERSONAL_ACCESS_TOKEN}\r\n\r\n# sleep for DNS to refresh\r\nsleep 300\r\n\r\n# Replace External  URL\r\nsed -i \"s,^external_url.*$,external_url '$external_url',g\" $config_file\r\n\r\n# Disable HTTPS Redirect\r\nperl -pi.bak1 -e 's/(^nginx\\[.redire.*$)/# $1/g' $config_file\r\n\r\n# Disable integrated SSL Certificate\r\nperl -pi.bak2 -e 's/(^nginx\\[.ssl_certifi.*$)/# $1/g' $config_file\r\n\r\n# Enable Lets Encrypt (if commented)\r\nperl -pi.bak3 -e 's/# (letsencrypt\\[.enable.*= )(.*$)/$1true/g' $config_file \r\n\r\n# Enable Lets Encrypt (if not commented)\r\nperl -pi.bak3 -e 's/(letsencrypt\\[.enable.*= )(.*$)/$1true/g' $config_file \r\n\r\n# Reconfigure Gitlab after Config Modification\r\ngitlab-ctl reconfigure\r\n\r\n# Prevent Reset after reboot\r\nmv /opt/bitnami/apps/gitlab/bnconfig /opt/bitnami/apps/gitlab/bnconfig.bak\r\n\r\n# Resetting Password\r\ngitlab-rails runner -e production \"  \\\r\n  user = User.find(1);                  \\\r\n  user.password = user.password_confirmation = '$password'; \\\r\n  user.save!\"\r\n\r\n# Generate Automation PAT\r\ngitlab-rails runner \" \\\r\n  token = User.find(1).personal_access_tokens.create(scopes: [:api, :write_repository, :write_registry, :sudo], name: 'automation');  \\\r\n  token.set_token('$personal_access_token');  \\\r\n  token.save!\"",
            "vars": {
              "EXTERNAL_URL": "https://kilroy-gitlabxi.northeurope.cloudapp.azure.com",
              "PASSWORD": "dkc0yL_kdBowoMoH",
              "PERSONAL_ACCESS_TOKEN": "od7cnFMCtCTWff6OPHHE"
            }
          },
          "sensitive_attributes": [
            [
              {
                "type": "get_attr",
                "value": "vars"
              },
              {
                "type": "index",
                "value": {
                  "value": "PASSWORD",
                  "type": "string"
                }
              }
            ],
            [
              {
                "type": "get_attr",
                "value": "vars"
              },
              {
                "type": "index",
                "value": {
                  "value": "PERSONAL_ACCESS_TOKEN",
                  "type": "string"
                }
              }
            ]
          ]
        }
      ]
    },
    {
      "mode": "managed",
      "type": "azurerm_linux_virtual_machine",
      "name": "vm-gitlab",
      "provider": "provider[\"registry.terraform.io/hashicorp/azurerm\"]",
      "instances": [
        {
          "schema_version": 0,
          "attributes": {
            "additional_capabilities": [],
            "admin_password": "Testing@123",
            "admin_ssh_key": [
              {
                "public_key": "ssh-rsa AAAAB3NzaC1yc2EAAAADAQABAAACAQDGVJnKUzdj6MO2cS0HlvF6L1aGhnCeo6cfU0KNbObBhcPJbTv4tgHj8li92yC66InCT/MM7gdKGTGNre6ZUJw432GK8i3EgpYyFSC1atsZvWRgcSCJ1MHzqoHkHrsws66AzCMVF/i1F5M7xRwHExrLeoijDQ13GH9Bj5e6ygtuOqp0NCc65AIObMJ9brD9zsthD07AB37EQCpO7lhdgY4saZQ9c961lhpLbAVHOoLkNKHno4dnmUrR8MLGcj0sAAU545wDG/JpuXsbxt9O7XdkYXUGK1tb4daG7FfVefgr43l79yzP0ZG/TN/uz/XADbE4nOtecMpKRHe3KpZdIa1k3PL0GDgzKDfWmDCE15/VNWphM9qAjDKmswG7ioEwFnwlomot/mzCNmTlls2aiUqb576GvoJxZqBnciep4sYRlSXV0OqHpV+5BhvQy22vE1raxg3rB4Z9LqRAOVSVMVbJjbL7fwTQbq316XpfjLE89WO/7UbO/CW3r5y5vokcLEodJuj62094zj1zmhfREgxkCeJLgfiya2705ZHcBpDGknm6fUF0zsAIRIua7v3iksB8lzezl1U6SzR2MP5fLoploZY4KNzbO6ZjhAUYKnJOnxSd5uZTuaIu3zF8fG8fyCLpMbu9jq+nvkW5x+VC+FQOATtS29sG16i7CRJk0Digrw==\n",
                "username": "ubuntu"
              }
            ],
            "admin_username": "ubuntu",
            "allow_extension_operations": true,
            "availability_set_id": "",
            "boot_diagnostics": [
              {
                "storage_account_uri": "https://gitlabconnect.blob.core.windows.net/"
              }
            ],
            "computer_name": "kilroy-gitlabxi",
            "custom_data": null,
            "dedicated_host_group_id": "",
            "dedicated_host_id": "",
            "disable_password_authentication": false,
            "edge_zone": "",
            "encryption_at_host_enabled": false,
            "eviction_policy": "",
            "extensions_time_budget": "PT1H30M",
            "id": "/subscriptions/bd59662e-a78e-4d7c-84f6-9d9ad1883726/resourceGroups/obmondo-aks/providers/Microsoft.Compute/virtualMachines/kilroy-gitlabxi",
            "identity": [],
            "license_type": "",
            "location": "northeurope",
            "max_bid_price": -1,
            "name": "kilroy-gitlabxi",
            "network_interface_ids": [
              "/subscriptions/bd59662e-a78e-4d7c-84f6-9d9ad1883726/resourceGroups/obmondo-aks/providers/Microsoft.Network/networkInterfaces/nic-kilroy-gitlabxi"
            ],
            "os_disk": [
              {
                "caching": "ReadWrite",
                "diff_disk_settings": [],
                "disk_encryption_set_id": "",
                "disk_size_gb": 30,
                "name": "kilroy-gitlabxi_OsDisk_1_208689b8b6354526a1a879fbf1bb73a8",
                "storage_account_type": "Premium_LRS",
                "write_accelerator_enabled": false
              }
            ],
            "patch_mode": "ImageDefault",
            "plan": [
              {
                "name": "default",
                "product": "gitlabee",
                "publisher": "gitlabinc1586447921813"
              }
            ],
            "platform_fault_domain": -1,
            "priority": "Regular",
            "private_ip_address": "10.240.0.4",
            "private_ip_addresses": [
              "10.240.0.4"
            ],
            "provision_vm_agent": true,
            "proximity_placement_group_id": "",
            "public_ip_address": "20.234.22.119",
            "public_ip_addresses": [
              "20.234.22.119"
            ],
            "resource_group_name": "obmondo-aks",
            "secret": [],
            "secure_boot_enabled": false,
            "size": "Standard_DS2_v2",
            "source_image_id": "",
            "source_image_reference": [
              {
                "offer": "gitlabee",
                "publisher": "gitlabinc1586447921813",
                "sku": "default",
                "version": "latest"
              }
            ],
            "tags": null,
            "termination_notification": null,
            "timeouts": null,
            "user_data": "",
            "virtual_machine_id": "88dfd5b5-649c-4d10-b5cf-a155e8075d1f",
            "virtual_machine_scale_set_id": "",
            "vtpm_enabled": false,
            "zone": ""
          },
          "sensitive_attributes": [],
          "private": "eyJlMmJmYjczMC1lY2FhLTExZTYtOGY4OC0zNDM2M2JjN2M0YzAiOnsiY3JlYXRlIjoyNzAwMDAwMDAwMDAwLCJkZWxldGUiOjI3MDAwMDAwMDAwMDAsInJlYWQiOjMwMDAwMDAwMDAwMCwidXBkYXRlIjoyNzAwMDAwMDAwMDAwfX0=",
          "dependencies": [
            "azurerm_marketplace_agreement.eula-gitlab",
            "azurerm_network_interface.nic-gitlab",
            "azurerm_public_ip.pip-gitlab",
            "azurerm_storage_account.mystorageaccount",
            "azurerm_subnet.obmondo-subnet",
            "random_string.guid",
            "tls_private_key.ssh"
          ]
        }
      ]
    },
    {
      "mode": "managed",
      "type": "azurerm_marketplace_agreement",
      "name": "eula-gitlab",
      "provider": "provider[\"registry.terraform.io/hashicorp/azurerm\"]",
      "instances": [
        {
          "schema_version": 0,
          "attributes": {
            "id": "/subscriptions/bd59662e-a78e-4d7c-84f6-9d9ad1883726/providers/Microsoft.MarketplaceOrdering/agreements/gitlabinc1586447921813/offers/gitlabee/plans/default",
            "license_text_link": "https://mpcprodsa.blob.core.windows.net/legalterms/3E5ED_legalterms_GITLABINC1586447921813%253a24GITLABEE%253a24DEFAULT%253a24TUHRPTBFUGCFZ7MYDV5YYPIWHN26Z4EG25KVSJP4ICXU6QHBC6MM2RIWDMKPZN7GE5Z43UNM3JLUYIGL6PPEHFCDIYYYPZFBXMWBNCA.txt",
            "offer": "gitlabee",
            "plan": "default",
            "privacy_policy_link": "https://about.gitlab.com/privacy/",
            "publisher": "gitlabinc1586447921813",
            "timeouts": null
          },
          "sensitive_attributes": [],
          "private": "eyJlMmJmYjczMC1lY2FhLTExZTYtOGY4OC0zNDM2M2JjN2M0YzAiOnsiY3JlYXRlIjoxODAwMDAwMDAwMDAwLCJkZWxldGUiOjE4MDAwMDAwMDAwMDAsInJlYWQiOjMwMDAwMDAwMDAwMCwidXBkYXRlIjoxODAwMDAwMDAwMDAwfX0="
        }
      ]
    },
    {
      "mode": "managed",
      "type": "azurerm_network_interface",
      "name": "nic-gitlab",
      "provider": "provider[\"registry.terraform.io/hashicorp/azurerm\"]",
      "instances": [
        {
          "schema_version": 0,
          "attributes": {
            "applied_dns_servers": [],
            "dns_servers": [],
            "edge_zone": "",
            "enable_accelerated_networking": false,
            "enable_ip_forwarding": false,
            "id": "/subscriptions/bd59662e-a78e-4d7c-84f6-9d9ad1883726/resourceGroups/obmondo-aks/providers/Microsoft.Network/networkInterfaces/nic-kilroy-gitlabxi",
            "internal_dns_name_label": "",
            "internal_domain_name_suffix": "qlktzvydz3fufeutmak1lbxokc.fx.internal.cloudapp.net",
            "ip_configuration": [
              {
                "gateway_load_balancer_frontend_ip_configuration_id": "",
                "name": "ipconfig0",
                "primary": true,
                "private_ip_address": "10.240.0.4",
                "private_ip_address_allocation": "Dynamic",
                "private_ip_address_version": "IPv4",
                "public_ip_address_id": "/subscriptions/bd59662e-a78e-4d7c-84f6-9d9ad1883726/resourceGroups/obmondo-aks/providers/Microsoft.Network/publicIPAddresses/pip-kilroy-gitlabxi",
                "subnet_id": "/subscriptions/bd59662e-a78e-4d7c-84f6-9d9ad1883726/resourceGroups/obmondo-aks/providers/Microsoft.Network/virtualNetworks/obmondo-vnet/subnets/obmondo-subnet"
              }
            ],
            "location": "northeurope",
            "mac_address": "",
            "name": "nic-kilroy-gitlabxi",
            "private_ip_address": "10.240.0.4",
            "private_ip_addresses": [
              "10.240.0.4"
            ],
            "resource_group_name": "obmondo-aks",
            "tags": null,
            "timeouts": null,
            "virtual_machine_id": ""
          },
          "sensitive_attributes": [],
          "private": "eyJlMmJmYjczMC1lY2FhLTExZTYtOGY4OC0zNDM2M2JjN2M0YzAiOnsiY3JlYXRlIjoxODAwMDAwMDAwMDAwLCJkZWxldGUiOjE4MDAwMDAwMDAwMDAsInJlYWQiOjMwMDAwMDAwMDAwMCwidXBkYXRlIjoxODAwMDAwMDAwMDAwfX0=",
          "dependencies": [
            "azurerm_public_ip.pip-gitlab",
            "azurerm_subnet.obmondo-subnet",
            "random_string.guid"
          ]
        }
      ]
    },
    {
      "mode": "managed",
      "type": "azurerm_network_interface_security_group_association",
      "name": "example",
      "provider": "provider[\"registry.terraform.io/hashicorp/azurerm\"]",
      "instances": [
        {
          "schema_version": 0,
          "attributes": {
            "id": "/subscriptions/bd59662e-a78e-4d7c-84f6-9d9ad1883726/resourceGroups/obmondo-aks/providers/Microsoft.Network/networkInterfaces/nic-kilroy-gitlabxi|/subscriptions/bd59662e-a78e-4d7c-84f6-9d9ad1883726/resourceGroups/obmondo-aks/providers/Microsoft.Network/networkSecurityGroups/myNetworkSecurityGroup",
            "network_interface_id": "/subscriptions/bd59662e-a78e-4d7c-84f6-9d9ad1883726/resourceGroups/obmondo-aks/providers/Microsoft.Network/networkInterfaces/nic-kilroy-gitlabxi",
            "network_security_group_id": "/subscriptions/bd59662e-a78e-4d7c-84f6-9d9ad1883726/resourceGroups/obmondo-aks/providers/Microsoft.Network/networkSecurityGroups/myNetworkSecurityGroup",
            "timeouts": null
          },
          "sensitive_attributes": [],
          "private": "eyJlMmJmYjczMC1lY2FhLTExZTYtOGY4OC0zNDM2M2JjN2M0YzAiOnsiY3JlYXRlIjoxODAwMDAwMDAwMDAwLCJkZWxldGUiOjE4MDAwMDAwMDAwMDAsInJlYWQiOjMwMDAwMDAwMDAwMCwidXBkYXRlIjoxODAwMDAwMDAwMDAwfX0=",
          "dependencies": [
            "azurerm_network_interface.nic-gitlab",
            "azurerm_network_security_group.myterraformnsg",
            "azurerm_public_ip.pip-gitlab",
            "azurerm_subnet.obmondo-subnet",
            "random_string.guid"
          ]
        }
      ]
    },
    {
      "mode": "managed",
      "type": "azurerm_network_security_group",
      "name": "myterraformnsg",
      "provider": "provider[\"registry.terraform.io/hashicorp/azurerm\"]",
      "instances": [
        {
          "schema_version": 0,
          "attributes": {
            "id": "/subscriptions/bd59662e-a78e-4d7c-84f6-9d9ad1883726/resourceGroups/obmondo-aks/providers/Microsoft.Network/networkSecurityGroups/myNetworkSecurityGroup",
            "location": "northeurope",
            "name": "myNetworkSecurityGroup",
            "resource_group_name": "obmondo-aks",
            "security_rule": [
              {
                "access": "Allow",
                "description": "",
                "destination_address_prefix": "*",
                "destination_address_prefixes": [],
                "destination_application_security_group_ids": [],
                "destination_port_range": "22",
                "destination_port_ranges": [],
                "direction": "Inbound",
                "name": "ssh",
                "priority": 100,
                "protocol": "Tcp",
                "source_address_prefix": "",
                "source_address_prefixes": [
                  "109.238.49.194",
                  "109.238.49.196",
                  "95.216.10.96"
                ],
                "source_application_security_group_ids": [],
                "source_port_range": "*",
                "source_port_ranges": []
              },
              {
                "access": "Allow",
                "description": "",
                "destination_address_prefix": "*",
                "destination_address_prefixes": [],
                "destination_application_security_group_ids": [],
                "destination_port_range": "443",
                "destination_port_ranges": [],
                "direction": "Inbound",
                "name": "https",
                "priority": 101,
                "protocol": "Tcp",
                "source_address_prefix": "",
                "source_address_prefixes": [
                  "109.238.49.194",
                  "109.238.49.196",
                  "95.216.10.96"
                ],
                "source_application_security_group_ids": [],
                "source_port_range": "*",
                "source_port_ranges": []
              }
            ],
            "tags": {},
            "timeouts": null
          },
          "sensitive_attributes": [],
          "private": "eyJlMmJmYjczMC1lY2FhLTExZTYtOGY4OC0zNDM2M2JjN2M0YzAiOnsiY3JlYXRlIjoxODAwMDAwMDAwMDAwLCJkZWxldGUiOjE4MDAwMDAwMDAwMDAsInJlYWQiOjMwMDAwMDAwMDAwMCwidXBkYXRlIjoxODAwMDAwMDAwMDAwfX0="
        }
      ]
    },
    {
      "mode": "managed",
      "type": "azurerm_network_security_rule",
      "name": "myrules",
      "provider": "provider[\"registry.terraform.io/hashicorp/azurerm\"]",
      "instances": [
        {
          "index_key": "https",
          "schema_version": 0,
          "attributes": {
            "access": "Allow",
            "description": "",
            "destination_address_prefix": "*",
            "destination_address_prefixes": [],
            "destination_application_security_group_ids": [],
            "destination_port_range": "443",
            "destination_port_ranges": [],
            "direction": "Inbound",
            "id": "/subscriptions/bd59662e-a78e-4d7c-84f6-9d9ad1883726/resourceGroups/obmondo-aks/providers/Microsoft.Network/networkSecurityGroups/myNetworkSecurityGroup/securityRules/https",
            "name": "https",
            "network_security_group_name": "myNetworkSecurityGroup",
            "priority": 101,
            "protocol": "Tcp",
            "resource_group_name": "obmondo-aks",
            "source_address_prefix": "",
            "source_address_prefixes": [
              "109.238.49.194",
              "109.238.49.196",
              "95.216.10.96"
            ],
            "source_application_security_group_ids": [],
            "source_port_range": "*",
            "source_port_ranges": [],
            "timeouts": null
          },
          "sensitive_attributes": [],
          "private": "eyJlMmJmYjczMC1lY2FhLTExZTYtOGY4OC0zNDM2M2JjN2M0YzAiOnsiY3JlYXRlIjoxODAwMDAwMDAwMDAwLCJkZWxldGUiOjE4MDAwMDAwMDAwMDAsInJlYWQiOjMwMDAwMDAwMDAwMCwidXBkYXRlIjoxODAwMDAwMDAwMDAwfX0=",
          "dependencies": [
            "azurerm_network_security_group.myterraformnsg"
          ]
        },
        {
          "index_key": "ssh",
          "schema_version": 0,
          "attributes": {
            "access": "Allow",
            "description": "",
            "destination_address_prefix": "*",
            "destination_address_prefixes": [],
            "destination_application_security_group_ids": [],
            "destination_port_range": "22",
            "destination_port_ranges": [],
            "direction": "Inbound",
            "id": "/subscriptions/bd59662e-a78e-4d7c-84f6-9d9ad1883726/resourceGroups/obmondo-aks/providers/Microsoft.Network/networkSecurityGroups/myNetworkSecurityGroup/securityRules/ssh",
            "name": "ssh",
            "network_security_group_name": "myNetworkSecurityGroup",
            "priority": 100,
            "protocol": "Tcp",
            "resource_group_name": "obmondo-aks",
            "source_address_prefix": "",
            "source_address_prefixes": [
              "109.238.49.194",
              "109.238.49.196",
              "95.216.10.96"
            ],
            "source_application_security_group_ids": [],
            "source_port_range": "*",
            "source_port_ranges": [],
            "timeouts": null
          },
          "sensitive_attributes": [],
          "private": "eyJlMmJmYjczMC1lY2FhLTExZTYtOGY4OC0zNDM2M2JjN2M0YzAiOnsiY3JlYXRlIjoxODAwMDAwMDAwMDAwLCJkZWxldGUiOjE4MDAwMDAwMDAwMDAsInJlYWQiOjMwMDAwMDAwMDAwMCwidXBkYXRlIjoxODAwMDAwMDAwMDAwfX0=",
          "dependencies": [
            "azurerm_network_security_group.myterraformnsg"
          ]
        }
      ]
    },
    {
      "mode": "managed",
      "type": "azurerm_public_ip",
      "name": "pip-gitlab",
      "provider": "provider[\"registry.terraform.io/hashicorp/azurerm\"]",
      "instances": [
        {
          "index_key": 0,
          "schema_version": 0,
          "attributes": {
            "allocation_method": "Static",
            "domain_name_label": "kilroy-gitlabxi",
            "edge_zone": "",
            "fqdn": "kilroy-gitlabxi.northeurope.cloudapp.azure.com",
            "id": "/subscriptions/bd59662e-a78e-4d7c-84f6-9d9ad1883726/resourceGroups/obmondo-aks/providers/Microsoft.Network/publicIPAddresses/pip-kilroy-gitlabxi",
            "idle_timeout_in_minutes": 4,
            "ip_address": "20.234.22.119",
            "ip_tags": {},
            "ip_version": "IPv4",
            "location": "northeurope",
            "name": "pip-kilroy-gitlabxi",
            "public_ip_prefix_id": null,
            "resource_group_name": "obmondo-aks",
            "reverse_fqdn": "",
            "sku": "Basic",
            "sku_tier": "Regional",
            "tags": {},
            "timeouts": null,
            "zones": []
          },
          "sensitive_attributes": [],
          "private": "eyJlMmJmYjczMC1lY2FhLTExZTYtOGY4OC0zNDM2M2JjN2M0YzAiOnsiY3JlYXRlIjoxODAwMDAwMDAwMDAwLCJkZWxldGUiOjE4MDAwMDAwMDAwMDAsInJlYWQiOjMwMDAwMDAwMDAwMCwidXBkYXRlIjoxODAwMDAwMDAwMDAwfX0=",
          "dependencies": [
            "random_string.guid"
          ]
        }
      ]
    },
    {
      "mode": "managed",
      "type": "azurerm_storage_account",
      "name": "mystorageaccount",
      "provider": "provider[\"registry.terraform.io/hashicorp/azurerm\"]",
      "instances": [
        {
          "schema_version": 3,
          "attributes": {
            "access_tier": "Hot",
            "account_kind": "StorageV2",
            "account_replication_type": "LRS",
            "account_tier": "Standard",
            "allow_nested_items_to_be_public": true,
            "azure_files_authentication": [],
            "blob_properties": [
              {
                "change_feed_enabled": false,
                "container_delete_retention_policy": [],
                "cors_rule": [],
                "default_service_version": "",
                "delete_retention_policy": [],
                "last_access_time_enabled": false,
                "versioning_enabled": false
              }
            ],
            "custom_domain": [],
            "customer_managed_key": [],
            "edge_zone": "",
            "enable_https_traffic_only": true,
            "id": "/subscriptions/bd59662e-a78e-4d7c-84f6-9d9ad1883726/resourceGroups/obmondo-aks/providers/Microsoft.Storage/storageAccounts/gitlabconnect",
            "identity": [],
            "infrastructure_encryption_enabled": false,
            "is_hns_enabled": false,
            "large_file_share_enabled": null,
            "location": "northeurope",
            "min_tls_version": "TLS1_2",
            "name": "gitlabconnect",
            "network_rules": [
              {
                "bypass": [
                  "AzureServices"
                ],
                "default_action": "Allow",
                "ip_rules": [],
                "private_link_access": [],
                "virtual_network_subnet_ids": []
              }
            ],
            "nfsv3_enabled": false,
            "primary_access_key": "HjzO6n8XYyrn+G7+WEdS+R8JnTGS89GOFDJaVzbvTwGoBSKHmRu2QCxsLwiY32agAyZZpG/840nKLz8HrviQbQ==",
            "primary_blob_connection_string": "DefaultEndpointsProtocol=https;BlobEndpoint=https://gitlabconnect.blob.core.windows.net/;AccountName=gitlabconnect;AccountKey=HjzO6n8XYyrn+G7+WEdS+R8JnTGS89GOFDJaVzbvTwGoBSKHmRu2QCxsLwiY32agAyZZpG/840nKLz8HrviQbQ==",
            "primary_blob_endpoint": "https://gitlabconnect.blob.core.windows.net/",
            "primary_blob_host": "gitlabconnect.blob.core.windows.net",
            "primary_connection_string": "DefaultEndpointsProtocol=https;AccountName=gitlabconnect;AccountKey=HjzO6n8XYyrn+G7+WEdS+R8JnTGS89GOFDJaVzbvTwGoBSKHmRu2QCxsLwiY32agAyZZpG/840nKLz8HrviQbQ==;EndpointSuffix=core.windows.net",
            "primary_dfs_endpoint": "https://gitlabconnect.dfs.core.windows.net/",
            "primary_dfs_host": "gitlabconnect.dfs.core.windows.net",
            "primary_file_endpoint": "https://gitlabconnect.file.core.windows.net/",
            "primary_file_host": "gitlabconnect.file.core.windows.net",
            "primary_location": "northeurope",
            "primary_queue_endpoint": "https://gitlabconnect.queue.core.windows.net/",
            "primary_queue_host": "gitlabconnect.queue.core.windows.net",
            "primary_table_endpoint": "https://gitlabconnect.table.core.windows.net/",
            "primary_table_host": "gitlabconnect.table.core.windows.net",
            "primary_web_endpoint": "https://gitlabconnect.z16.web.core.windows.net/",
            "primary_web_host": "gitlabconnect.z16.web.core.windows.net",
            "queue_encryption_key_type": "Service",
            "queue_properties": [
              {
                "cors_rule": [],
                "hour_metrics": [
                  {
                    "enabled": true,
                    "include_apis": true,
                    "retention_policy_days": 7,
                    "version": "1.0"
                  }
                ],
                "logging": [
                  {
                    "delete": false,
                    "read": false,
                    "retention_policy_days": 0,
                    "version": "1.0",
                    "write": false
                  }
                ],
                "minute_metrics": [
                  {
                    "enabled": false,
                    "include_apis": false,
                    "retention_policy_days": 0,
                    "version": "1.0"
                  }
                ]
              }
            ],
            "resource_group_name": "obmondo-aks",
            "routing": [],
            "secondary_access_key": "DJ1p1+bOiqCDw4aJs4d4AeCu+rJHeba+YG1PK0sPs1MZFrO9SsjDUF4QYbDJ8jsPktSBcJRfhzNtHeD2ZePF/A==",
            "secondary_blob_connection_string": "",
            "secondary_blob_endpoint": null,
            "secondary_blob_host": null,
            "secondary_connection_string": "DefaultEndpointsProtocol=https;AccountName=gitlabconnect;AccountKey=DJ1p1+bOiqCDw4aJs4d4AeCu+rJHeba+YG1PK0sPs1MZFrO9SsjDUF4QYbDJ8jsPktSBcJRfhzNtHeD2ZePF/A==;EndpointSuffix=core.windows.net",
            "secondary_dfs_endpoint": null,
            "secondary_dfs_host": null,
            "secondary_file_endpoint": null,
            "secondary_file_host": null,
            "secondary_location": "",
            "secondary_queue_endpoint": null,
            "secondary_queue_host": null,
            "secondary_table_endpoint": null,
            "secondary_table_host": null,
            "secondary_web_endpoint": null,
            "secondary_web_host": null,
            "share_properties": [
              {
                "cors_rule": [],
                "retention_policy": [
                  {
                    "days": 7
                  }
                ],
                "smb": []
              }
            ],
            "shared_access_key_enabled": true,
            "static_website": [],
            "table_encryption_key_type": "Service",
            "tags": {},
            "timeouts": null
          },
          "sensitive_attributes": [],
          "private": "eyJlMmJmYjczMC1lY2FhLTExZTYtOGY4OC0zNDM2M2JjN2M0YzAiOnsiY3JlYXRlIjozNjAwMDAwMDAwMDAwLCJkZWxldGUiOjM2MDAwMDAwMDAwMDAsInJlYWQiOjMwMDAwMDAwMDAwMCwidXBkYXRlIjozNjAwMDAwMDAwMDAwfSwic2NoZW1hX3ZlcnNpb24iOiIzIn0="
        }
      ]
    },
    {
      "mode": "managed",
      "type": "azurerm_subnet",
      "name": "obmondo-subnet",
      "provider": "provider[\"registry.terraform.io/hashicorp/azurerm\"]",
      "instances": [
        {
          "schema_version": 0,
          "attributes": {
            "address_prefixes": [
              "10.240.0.0/16"
            ],
            "delegation": [],
            "enforce_private_link_endpoint_network_policies": false,
            "enforce_private_link_service_network_policies": false,
            "id": "/subscriptions/bd59662e-a78e-4d7c-84f6-9d9ad1883726/resourceGroups/obmondo-aks/providers/Microsoft.Network/virtualNetworks/obmondo-vnet/subnets/obmondo-subnet",
            "name": "obmondo-subnet",
            "resource_group_name": "obmondo-aks",
            "service_endpoint_policy_ids": [],
            "service_endpoints": [],
            "timeouts": null,
            "virtual_network_name": "obmondo-vnet"
          },
          "sensitive_attributes": [],
          "private": "eyJlMmJmYjczMC1lY2FhLTExZTYtOGY4OC0zNDM2M2JjN2M0YzAiOnsiY3JlYXRlIjoxODAwMDAwMDAwMDAwLCJkZWxldGUiOjE4MDAwMDAwMDAwMDAsInJlYWQiOjMwMDAwMDAwMDAwMCwidXBkYXRlIjoxODAwMDAwMDAwMDAwfX0="
        }
      ]
    },
    {
      "mode": "managed",
      "type": "azurerm_virtual_machine_extension",
      "name": "vmext",
      "provider": "provider[\"registry.terraform.io/hashicorp/azurerm\"]",
      "instances": [
        {
          "schema_version": 0,
          "attributes": {
            "auto_upgrade_minor_version": false,
            "automatic_upgrade_enabled": false,
            "id": "/subscriptions/bd59662e-a78e-4d7c-84f6-9d9ad1883726/resourceGroups/obmondo-aks/providers/Microsoft.Compute/virtualMachines/kilroy-gitlabxi/extensions/kilroy-gitlabxi-vmext1",
            "name": "kilroy-gitlabxi-vmext1",
            "protected_settings": "    {\r\n      \"script\": \"IyBBbGwgYWN0aW9ucyBiYXNlZCBvbiBodHRwczovL2RvY3MuZ2l0bGFiLmNvbS9lZS9pbnN0YWxsL2F6dXJlLw0KZXhwb3J0IGNvbmZpZ19maWxlPS9ldGMvZ2l0bGFiL2dpdGxhYi5yYg0KZXhwb3J0IGV4dGVybmFsX3VybD1odHRwczovL2tpbHJveS1naXRsYWJ4aS5ub3J0aGV1cm9wZS5jbG91ZGFwcC5henVyZS5jb20NCmV4cG9ydCBwYXNzd29yZD1ka2MweUxfa2RCb3dvTW9IDQpleHBvcnQgcGVyc29uYWxfYWNjZXNzX3Rva2VuPW9kN2NuRk1DdENUV2ZmNk9QSEhFDQoNCiMgc2xlZXAgZm9yIEROUyB0byByZWZyZXNoDQpzbGVlcCAzMDANCg0KIyBSZXBsYWNlIEV4dGVybmFsICBVUkwNCnNlZCAtaSAicyxeZXh0ZXJuYWxfdXJsLiokLGV4dGVybmFsX3VybCAnJGV4dGVybmFsX3VybCcsZyIgJGNvbmZpZ19maWxlDQoNCiMgRGlzYWJsZSBIVFRQUyBSZWRpcmVjdA0KcGVybCAtcGkuYmFrMSAtZSAncy8oXm5naW54XFsucmVkaXJlLiokKS8jICQxL2cnICRjb25maWdfZmlsZQ0KDQojIERpc2FibGUgaW50ZWdyYXRlZCBTU0wgQ2VydGlmaWNhdGUNCnBlcmwgLXBpLmJhazIgLWUgJ3MvKF5uZ2lueFxbLnNzbF9jZXJ0aWZpLiokKS8jICQxL2cnICRjb25maWdfZmlsZQ0KDQojIEVuYWJsZSBMZXRzIEVuY3J5cHQgKGlmIGNvbW1lbnRlZCkNCnBlcmwgLXBpLmJhazMgLWUgJ3MvIyAobGV0c2VuY3J5cHRcWy5lbmFibGUuKj0gKSguKiQpLyQxdHJ1ZS9nJyAkY29uZmlnX2ZpbGUgDQoNCiMgRW5hYmxlIExldHMgRW5jcnlwdCAoaWYgbm90IGNvbW1lbnRlZCkNCnBlcmwgLXBpLmJhazMgLWUgJ3MvKGxldHNlbmNyeXB0XFsuZW5hYmxlLio9ICkoLiokKS8kMXRydWUvZycgJGNvbmZpZ19maWxlIA0KDQojIFJlY29uZmlndXJlIEdpdGxhYiBhZnRlciBDb25maWcgTW9kaWZpY2F0aW9uDQpnaXRsYWItY3RsIHJlY29uZmlndXJlDQoNCiMgUHJldmVudCBSZXNldCBhZnRlciByZWJvb3QNCm12IC9vcHQvYml0bmFtaS9hcHBzL2dpdGxhYi9ibmNvbmZpZyAvb3B0L2JpdG5hbWkvYXBwcy9naXRsYWIvYm5jb25maWcuYmFrDQoNCiMgUmVzZXR0aW5nIFBhc3N3b3JkDQpnaXRsYWItcmFpbHMgcnVubmVyIC1lIHByb2R1Y3Rpb24gIiAgXA0KICB1c2VyID0gVXNlci5maW5kKDEpOyAgICAgICAgICAgICAgICAgIFwNCiAgdXNlci5wYXNzd29yZCA9IHVzZXIucGFzc3dvcmRfY29uZmlybWF0aW9uID0gJyRwYXNzd29yZCc7IFwNCiAgdXNlci5zYXZlISINCg0KIyBHZW5lcmF0ZSBBdXRvbWF0aW9uIFBBVA0KZ2l0bGFiLXJhaWxzIHJ1bm5lciAiIFwNCiAgdG9rZW4gPSBVc2VyLmZpbmQoMSkucGVyc29uYWxfYWNjZXNzX3Rva2Vucy5jcmVhdGUoc2NvcGVzOiBbOmFwaSwgOndyaXRlX3JlcG9zaXRvcnksIDp3cml0ZV9yZWdpc3RyeSwgOnN1ZG9dLCBuYW1lOiAnYXV0b21hdGlvbicpOyAgXA0KICB0b2tlbi5zZXRfdG9rZW4oJyRwZXJzb25hbF9hY2Nlc3NfdG9rZW4nKTsgIFwNCiAgdG9rZW4uc2F2ZSEi\"\r\n    }\r\n",
            "publisher": "Microsoft.Azure.Extensions",
            "settings": null,
            "tags": null,
            "timeouts": null,
            "type": "CustomScript",
            "type_handler_version": "2.0",
            "virtual_machine_id": "/subscriptions/bd59662e-a78e-4d7c-84f6-9d9ad1883726/resourceGroups/obmondo-aks/providers/Microsoft.Compute/virtualMachines/kilroy-gitlabxi"
          },
          "sensitive_attributes": [],
          "private": "eyJlMmJmYjczMC1lY2FhLTExZTYtOGY4OC0zNDM2M2JjN2M0YzAiOnsiY3JlYXRlIjoxODAwMDAwMDAwMDAwLCJkZWxldGUiOjE4MDAwMDAwMDAwMDAsInJlYWQiOjMwMDAwMDAwMDAwMCwidXBkYXRlIjoxODAwMDAwMDAwMDAwfX0=",
          "dependencies": [
            "azurerm_linux_virtual_machine.vm-gitlab",
            "azurerm_marketplace_agreement.eula-gitlab",
            "azurerm_network_interface.nic-gitlab",
            "azurerm_public_ip.pip-gitlab",
            "azurerm_storage_account.mystorageaccount",
            "azurerm_subnet.obmondo-subnet",
            "data.template_file.init-gitlab",
            "random_string.guid",
            "tls_private_key.ssh"
          ]
        }
      ]
    },
    {
      "mode": "managed",
      "type": "azurerm_virtual_network",
      "name": "obmondo-vnet",
      "provider": "provider[\"registry.terraform.io/hashicorp/azurerm\"]",
      "instances": [
        {
          "schema_version": 0,
          "attributes": {
            "address_space": [
              "10.240.0.0/16"
            ],
            "bgp_community": "",
            "ddos_protection_plan": [],
            "dns_servers": [],
            "edge_zone": "",
            "flow_timeout_in_minutes": 0,
            "guid": "d73cd582-cf03-424b-9293-6015b586ee52",
            "id": "/subscriptions/bd59662e-a78e-4d7c-84f6-9d9ad1883726/resourceGroups/obmondo-aks/providers/Microsoft.Network/virtualNetworks/obmondo-vnet",
            "location": "northeurope",
            "name": "obmondo-vnet",
            "resource_group_name": "obmondo-aks",
            "subnet": [
              {
                "address_prefix": "10.240.0.0/16",
                "id": "/subscriptions/bd59662e-a78e-4d7c-84f6-9d9ad1883726/resourceGroups/obmondo-aks/providers/Microsoft.Network/virtualNetworks/obmondo-vnet/subnets/obmondo-subnet",
                "name": "obmondo-subnet",
                "security_group": ""
              }
            ],
            "tags": {},
            "timeouts": null
          },
          "sensitive_attributes": [],
          "private": "eyJlMmJmYjczMC1lY2FhLTExZTYtOGY4OC0zNDM2M2JjN2M0YzAiOnsiY3JlYXRlIjoxODAwMDAwMDAwMDAwLCJkZWxldGUiOjE4MDAwMDAwMDAwMDAsInJlYWQiOjMwMDAwMDAwMDAwMCwidXBkYXRlIjoxODAwMDAwMDAwMDAwfX0="
        }
      ]
    },
    {
      "mode": "managed",
      "type": "random_password",
      "name": "gitlab-password",
      "provider": "provider[\"registry.terraform.io/hashicorp/random\"]",
      "instances": [
        {
          "schema_version": 0,
          "attributes": {
            "id": "none",
            "keepers": null,
            "length": 16,
            "lower": true,
            "min_lower": 0,
            "min_numeric": 0,
            "min_special": 0,
            "min_upper": 0,
            "number": true,
            "override_special": "_%@",
            "result": "dkc0yL_kdBowoMoH",
            "special": true,
            "upper": true
          },
          "sensitive_attributes": [],
          "private": "bnVsbA=="
        }
      ]
    },
    {
      "mode": "managed",
      "type": "random_password",
      "name": "gitlab-pat",
      "provider": "provider[\"registry.terraform.io/hashicorp/random\"]",
      "instances": [
        {
          "schema_version": 0,
          "attributes": {
            "id": "none",
            "keepers": null,
            "length": 20,
            "lower": true,
            "min_lower": 0,
            "min_numeric": 0,
            "min_special": 0,
            "min_upper": 0,
            "number": true,
            "override_special": null,
            "result": "od7cnFMCtCTWff6OPHHE",
            "special": false,
            "upper": true
          },
          "sensitive_attributes": [],
          "private": "bnVsbA=="
        }
      ]
    },
    {
      "mode": "managed",
      "type": "random_string",
      "name": "guid",
      "provider": "provider[\"registry.terraform.io/hashicorp/random\"]",
      "instances": [
        {
          "schema_version": 1,
          "attributes": {
            "id": "xio4rcsxcc1wmvd2",
            "keepers": null,
            "length": 16,
            "lower": true,
            "min_lower": 0,
            "min_numeric": 0,
            "min_special": 0,
            "min_upper": 0,
            "number": true,
            "override_special": null,
            "result": "xio4rcsxcc1wmvd2",
            "special": false,
            "upper": false
          },
          "sensitive_attributes": [],
          "private": "eyJzY2hlbWFfdmVyc2lvbiI6IjEifQ=="
        }
      ]
    },
    {
      "mode": "managed",
      "type": "tls_private_key",
      "name": "ssh",
      "provider": "provider[\"registry.terraform.io/hashicorp/tls\"]",
      "instances": [
        {
          "schema_version": 0,
          "attributes": {
            "algorithm": "RSA",
            "ecdsa_curve": "P224",
            "id": "cc0e21a6d32dce704b8287e8ed1ff030866e6f54",
            "private_key_openssh": "-----BEGIN OPENSSH PRIVATE KEY-----\nb3BlbnNzaC1rZXktdjEAAAAABG5vbmUAAAAEbm9uZQAAAAAAAAABAAACFwAAAAdz\nc2gtcnNhAAAAAwEAAQAAAgEAxlSZylM3Y+jDtnEtB5bxei9WhoZwnqOnH1NCjWzm\nwYXDyW07+LYB4/JYvdsguuiJwk/zDO4HShkxja3umVCcON9hivItxIKWMhUgtWrb\nGb1kYHEgidTB86qB5B67MLOugMwjFRf4tReTO8UcBxMay3qIow0Ndxh/QY+XusoL\nbjqqdDQnOuQCDmzCfW6w/c7LYQ9OwAd+xEAqTu5YXYGOLGmUPXPetZYaS2wFRzqC\n5DSh56OHZ5lK0fDCxnI9LAAFOeOcAxvyabl7G8bfTu13ZGF1BitbW+HWhuxX1Xn4\nK+N5e/csz9GRv0zf7s/1wA2xOJzrXnDKSkR3tyqWXSGtZNzy9Bg4Myg31pgwhNef\n1TVqYTPagIwyprMBu4qBMBZ8JaJqLf5swjZk5ZbNmolKm+e+hr6CcWagZ3InqeLG\nEZUl1dDqh6VfuQYb0MttrxNa2sYN6weGfS6kQDlUlTFWyY2y+38E0G6t9el6X4yx\nPPVjv+1Gzvwlt6+cub6JHCxKHSbo+ttPeM49c5oX0RIMZAniS4H4smtu9OWR3AaQ\nxpJ5un1BdM7ACESLmu794pLAfJc3s5dVOks0djD+Xy6KZaGWOCjc2zumY4QFGCpy\nTp8UnebmU7miLt8xfHxvH8gi6TG7vY6vp75FucflQvhUDgE7UtvbBteouwkSZNA4\noK8AAAc4aPpwCWj6cAkAAAAHc3NoLXJzYQAAAgEAxlSZylM3Y+jDtnEtB5bxei9W\nhoZwnqOnH1NCjWzmwYXDyW07+LYB4/JYvdsguuiJwk/zDO4HShkxja3umVCcON9h\nivItxIKWMhUgtWrbGb1kYHEgidTB86qB5B67MLOugMwjFRf4tReTO8UcBxMay3qI\now0Ndxh/QY+XusoLbjqqdDQnOuQCDmzCfW6w/c7LYQ9OwAd+xEAqTu5YXYGOLGmU\nPXPetZYaS2wFRzqC5DSh56OHZ5lK0fDCxnI9LAAFOeOcAxvyabl7G8bfTu13ZGF1\nBitbW+HWhuxX1Xn4K+N5e/csz9GRv0zf7s/1wA2xOJzrXnDKSkR3tyqWXSGtZNzy\n9Bg4Myg31pgwhNef1TVqYTPagIwyprMBu4qBMBZ8JaJqLf5swjZk5ZbNmolKm+e+\nhr6CcWagZ3InqeLGEZUl1dDqh6VfuQYb0MttrxNa2sYN6weGfS6kQDlUlTFWyY2y\n+38E0G6t9el6X4yxPPVjv+1Gzvwlt6+cub6JHCxKHSbo+ttPeM49c5oX0RIMZAni\nS4H4smtu9OWR3AaQxpJ5un1BdM7ACESLmu794pLAfJc3s5dVOks0djD+Xy6KZaGW\nOCjc2zumY4QFGCpyTp8UnebmU7miLt8xfHxvH8gi6TG7vY6vp75FucflQvhUDgE7\nUtvbBteouwkSZNA4oK8AAAADAQABAAACAAxb8Ul+bhE3zBpuaxPyABJRKN8xOYtp\nP1zgX2FYy/h7UXwX5ojVLsD5tTX/lcaP/yWwvcCshJ/FeiUOFbRQJawVn4p9FQUN\n7jYowuULR6QO/VZVNmXgcEWy9m00zQ135QP5tKX33HPMiExNODXopt7PP/yJL7Gg\nQS3guN/W/2dbGIwtQ9STqN0lQel3IGhwnpPp1Ep7LRcluH06tR7+l9GEsswxkEtY\nk0Ln9Fw/9TArZ3t74VA/aT4z9q9PJyi6x5iX6nz3HOAhwt40Qm40th/3QsejpAnR\nxQCbcc3H0ANMJaHoAU7iDGcTb1D+fJ3/PG/+t1wnQzPlmGA9sykSlC98vJN6nDm5\ngr+7azbHMxv3vV7sjuj8fzzsg9/NrCDL/LCK79NH78nsTvV43NlvXDXc3h/z8AyC\n8XoZoFMyWtkpBgQnXc8TcB4TVbEm5GublWu5Lb7KibZ+XXlG5n4TWPSPqfYWAJ9w\nPIm7WAt7MzLH6ZbT5HSGbJHI65BH4eXgbHAcK/dJfEOBlQTHp/+q0//+XbUaMAky\nWsxmxvS/n/ukdqN1L2KKMKA83L+tXHrqR7Jc7j6Noenei7hKwljcBEhIugZppUu/\ncAuCFAvu5D7wlfG226rgFJeR1JdRsMsWiCNIH7GqKkAeuWdF0EbTQ+HEFNV7jupG\nIySTp0O4r0BBAAABAQC7hs9lKmcKELkZLSINjFmfARDJv5y1K/XWDsNIYJuZeRPe\nI56t9gREOFl3VkskQaTil/k9AU4dG7k8CZ/BuKfsqDv+k87WsYs4NhUjlw7evbSs\nl4NOGw0cvvCTzZxb5glC/n0dW+jTwH2nRWxlUTwRbX5ZgdeXgUJnKenRNUaW/O0+\nUJ+oR6CKfPnM3MlPFMv/KGlMobRoPSHQ5X1AtrqvHrO/QndfYxSwykwh1317VIMl\nJIp1rT8irm2/5A0cEBimMs7hpF2azPejP7CuGBEES7JygcXFbsmflhnlUaJ77DzF\nu0EH61owKTxydCpH/eFrvMT4l9BUQeNtcTR/PRprAAABAQDygBymg/njk+UzRCBU\nQqS3KjnfGt5ytC+RvQ5gbWQMmxmPAcYFLIBjMH2JgN5iWDsWaLDmO7Zn/nZbFr9U\nG7Iq90p8qAX20bMxLhyXyXbXOEZI5d05JXdlD/arO7AFmSeaHsqFiLu9N1CakteU\ni6qca3a/RrUZjVsVuBj7jFcVvow9yKCeQMdaQgqI9cPmTabdi0wyWOIxyNEtrkc9\nuchFO8xOTTH63hKGxEUh3NXgSbGhN39AfAOI37OO57FE9bh2FjzgD/45Kl//uYx3\n8BOKDHJnNwIUHt8gXjBVvGFcH3nGVRntouOFFUJegJESK4KPMJnQUpDSxSD7DUYv\nyJm5AAABAQDRXwUg/GoNcvjHx2WdkqXoupiKytHGvM8nPGHY1/eowGsgrHeIur/w\nPBFPGPCK4wG4w5sLLOBq00VkpEvs0EOXXZvKe8WNgiS02V0pAxdjb5lXNBdQ+uiy\ng4Ky+D0QOH+P4Q6gTdr4bD4DUmruc20LOA0pSAkn+uMm+Ny40kkUZOtjOrarKHTp\nCs7SpruBRDQfskxLCinWm+/33dgSAipnLOKpImnX8lsyDsK9En1ay0ADwM0LWR6o\n6EPbV2SMvMZuTSLry8XlaYaEkuEDfBkuTPpN8+lbVDIBwu17MFAkGeM+FQnP8UsO\nuD1KVJucxjEu7ssSx4gBimu+jA3Up6GnAAAAAAEC\n-----END OPENSSH PRIVATE KEY-----\n",
            "private_key_pem": "-----BEGIN RSA PRIVATE KEY-----\nMIIJKAIBAAKCAgEAxlSZylM3Y+jDtnEtB5bxei9WhoZwnqOnH1NCjWzmwYXDyW07\n+LYB4/JYvdsguuiJwk/zDO4HShkxja3umVCcON9hivItxIKWMhUgtWrbGb1kYHEg\nidTB86qB5B67MLOugMwjFRf4tReTO8UcBxMay3qIow0Ndxh/QY+XusoLbjqqdDQn\nOuQCDmzCfW6w/c7LYQ9OwAd+xEAqTu5YXYGOLGmUPXPetZYaS2wFRzqC5DSh56OH\nZ5lK0fDCxnI9LAAFOeOcAxvyabl7G8bfTu13ZGF1BitbW+HWhuxX1Xn4K+N5e/cs\nz9GRv0zf7s/1wA2xOJzrXnDKSkR3tyqWXSGtZNzy9Bg4Myg31pgwhNef1TVqYTPa\ngIwyprMBu4qBMBZ8JaJqLf5swjZk5ZbNmolKm+e+hr6CcWagZ3InqeLGEZUl1dDq\nh6VfuQYb0MttrxNa2sYN6weGfS6kQDlUlTFWyY2y+38E0G6t9el6X4yxPPVjv+1G\nzvwlt6+cub6JHCxKHSbo+ttPeM49c5oX0RIMZAniS4H4smtu9OWR3AaQxpJ5un1B\ndM7ACESLmu794pLAfJc3s5dVOks0djD+Xy6KZaGWOCjc2zumY4QFGCpyTp8Unebm\nU7miLt8xfHxvH8gi6TG7vY6vp75FucflQvhUDgE7UtvbBteouwkSZNA4oK8CAwEA\nAQKCAgAMW/FJfm4RN8wabmsT8gASUSjfMTmLaT9c4F9hWMv4e1F8F+aI1S7A+bU1\n/5XGj/8lsL3ArISfxXolDhW0UCWsFZ+KfRUFDe42KMLlC0ekDv1WVTZl4HBFsvZt\nNM0Nd+UD+bSl99xzzIhMTTg16Kbezz/8iS+xoEEt4Ljf1v9nWxiMLUPUk6jdJUHp\ndyBocJ6T6dRKey0XJbh9OrUe/pfRhLLMMZBLWJNC5/RcP/UwK2d7e+FQP2k+M/av\nTycouseYl+p89xzgIcLeNEJuNLYf90LHo6QJ0cUAm3HNx9ADTCWh6AFO4gxnE29Q\n/nyd/zxv/rdcJ0Mz5ZhgPbMpEpQvfLyTepw5uYK/u2s2xzMb971e7I7o/H887IPf\nzawgy/ywiu/TR+/J7E71eNzZb1w13N4f8/AMgvF6GaBTMlrZKQYEJ13PE3AeE1Wx\nJuRrm5VruS2+yom2fl15RuZ+E1j0j6n2FgCfcDyJu1gLezMyx+mW0+R0hmyRyOuQ\nR+Hl4GxwHCv3SXxDgZUEx6f/qtP//l21GjAJMlrMZsb0v5/7pHajdS9iijCgPNy/\nrVx66keyXO4+jaHp3ou4SsJY3ARISLoGaaVLv3ALghQL7uQ+8JXxttuq4BSXkdSX\nUbDLFogjSB+xqipAHrlnRdBG00PhxBTVe47qRiMkk6dDuK9AQQKCAQEA8oAcpoP5\n45PlM0QgVEKktyo53xrecrQvkb0OYG1kDJsZjwHGBSyAYzB9iYDeYlg7Fmiw5ju2\nZ/52Wxa/VBuyKvdKfKgF9tGzMS4cl8l21zhGSOXdOSV3ZQ/2qzuwBZknmh7KhYi7\nvTdQmpLXlIuqnGt2v0a1GY1bFbgY+4xXFb6MPcignkDHWkIKiPXD5k2m3YtMMlji\nMcjRLa5HPbnIRTvMTk0x+t4ShsRFIdzV4EmxoTd/QHwDiN+zjuexRPW4dhY84A/+\nOSpf/7mMd/ATigxyZzcCFB7fIF4wVbxhXB95xlUZ7aLjhRVCXoCREiuCjzCZ0FKQ\n0sUg+w1GL8iZuQKCAQEA0V8FIPxqDXL4x8dlnZKl6LqYisrRxrzPJzxh2Nf3qMBr\nIKx3iLq/8DwRTxjwiuMBuMObCyzgatNFZKRL7NBDl12bynvFjYIktNldKQMXY2+Z\nVzQXUProsoOCsvg9EDh/j+EOoE3a+Gw+A1Jq7nNtCzgNKUgJJ/rjJvjcuNJJFGTr\nYzq2qyh06QrO0qa7gUQ0H7JMSwop1pvv993YEgIqZyziqSJp1/JbMg7CvRJ9WstA\nA8DNC1keqOhD21dkjLzGbk0i68vF5WmGhJLhA3wZLkz6TfPpW1QyAcLtezBQJBnj\nPhUJz/FLDrg9SlSbnMYxLu7LEseIAYprvowN1KehpwKCAQAEtOfZc4ZOHHi+Xfwi\npoh75Z3p7qOSplyl/31f8b+XXwtH80jcoNh9FFvbZ1zpm7zJ2o5UaaRIsG+rpO1h\nvIfgvZv8f2ZePAO2WKbFa2ubEcSLdaqtiUSf+YdYG3h3I1nZa++SV+0M5x3xYhg9\nEdjl4FAVtlGdhVjXOxOBDmBCU8h1CofTin5UCiQaNGrw9WDfu+xmrcL2JGeq807+\nq7RvY5G7k1P9AoJpizWsSpT8HXINJv6ZSc7nwS/C/kw6gmpqIFReJPFSOrhSRk+r\npEU80LEHv9GSgmbiQfG+OEHLf/DlIJG4QwkXdCotm2E1cRK/pLnXiUK2VI0nUkKi\nespBAoIBAEJ89lf/UH5s4Gww+igMBfveJcsNlYiTNQW0uy3th4xjbqG1o1AcXg+g\nQ67msJyqckWGeJoX6jyCUysesa3GhXBwHaUzoQzLI3T7AgagILFHI175/92LkJIA\nCWVkR5/7ESdTxR1LHBp/5UGQzrxik2JYrnVJlv7HQZOCvDVFMkfztHySjKfV9Sp8\ncCmdITZvvk3ChU/fLmIkqxP/szokzept6pzjfNFC+Yrv/Q+l64EFwpJui67q4j2p\nZMMnAZtf53PnswtGbtXnqPw42JQOuMBnWaWfq5+BIVBF4ryYHxsXzX5NmAwdCETo\nZS5RqAklN0E8O+j+zEYQ+x5Lw6igg0kCggEBALuGz2UqZwoQuRktIg2MWZ8BEMm/\nnLUr9dYOw0hgm5l5E94jnq32BEQ4WXdWSyRBpOKX+T0BTh0buTwJn8G4p+yoO/6T\nztaxizg2FSOXDt69tKyXg04bDRy+8JPNnFvmCUL+fR1b6NPAfadFbGVRPBFtflmB\n15eBQmcp6dE1Rpb87T5Qn6hHoIp8+czcyU8Uy/8oaUyhtGg9IdDlfUC2uq8es79C\nd19jFLDKTCHXfXtUgyUkinWtPyKubb/kDRwQGKYyzuGkXZrM96M/sK4YEQRLsnKB\nxcVuyZ+WGeVRonvsPMW7QQfrWjApPHJ0Kkf94Wu8xPiX0FRB421xNH89Gms=\n-----END RSA PRIVATE KEY-----\n",
            "public_key_fingerprint_md5": "ea:53:78:d6:ea:d6:e4:08:c4:cb:17:ee:1a:13:11:f2",
            "public_key_fingerprint_sha256": "SHA256:mYKbKZlqKjRDjBv6Dt8mEqSE/6SOfhs7o+hlKseHrTU",
            "public_key_openssh": "ssh-rsa AAAAB3NzaC1yc2EAAAADAQABAAACAQDGVJnKUzdj6MO2cS0HlvF6L1aGhnCeo6cfU0KNbObBhcPJbTv4tgHj8li92yC66InCT/MM7gdKGTGNre6ZUJw432GK8i3EgpYyFSC1atsZvWRgcSCJ1MHzqoHkHrsws66AzCMVF/i1F5M7xRwHExrLeoijDQ13GH9Bj5e6ygtuOqp0NCc65AIObMJ9brD9zsthD07AB37EQCpO7lhdgY4saZQ9c961lhpLbAVHOoLkNKHno4dnmUrR8MLGcj0sAAU545wDG/JpuXsbxt9O7XdkYXUGK1tb4daG7FfVefgr43l79yzP0ZG/TN/uz/XADbE4nOtecMpKRHe3KpZdIa1k3PL0GDgzKDfWmDCE15/VNWphM9qAjDKmswG7ioEwFnwlomot/mzCNmTlls2aiUqb576GvoJxZqBnciep4sYRlSXV0OqHpV+5BhvQy22vE1raxg3rB4Z9LqRAOVSVMVbJjbL7fwTQbq316XpfjLE89WO/7UbO/CW3r5y5vokcLEodJuj62094zj1zmhfREgxkCeJLgfiya2705ZHcBpDGknm6fUF0zsAIRIua7v3iksB8lzezl1U6SzR2MP5fLoploZY4KNzbO6ZjhAUYKnJOnxSd5uZTuaIu3zF8fG8fyCLpMbu9jq+nvkW5x+VC+FQOATtS29sG16i7CRJk0Digrw==\n",
            "public_key_pem": "-----BEGIN PUBLIC KEY-----\nMIICIjANBgkqhkiG9w0BAQEFAAOCAg8AMIICCgKCAgEAxlSZylM3Y+jDtnEtB5bx\nei9WhoZwnqOnH1NCjWzmwYXDyW07+LYB4/JYvdsguuiJwk/zDO4HShkxja3umVCc\nON9hivItxIKWMhUgtWrbGb1kYHEgidTB86qB5B67MLOugMwjFRf4tReTO8UcBxMa\ny3qIow0Ndxh/QY+XusoLbjqqdDQnOuQCDmzCfW6w/c7LYQ9OwAd+xEAqTu5YXYGO\nLGmUPXPetZYaS2wFRzqC5DSh56OHZ5lK0fDCxnI9LAAFOeOcAxvyabl7G8bfTu13\nZGF1BitbW+HWhuxX1Xn4K+N5e/csz9GRv0zf7s/1wA2xOJzrXnDKSkR3tyqWXSGt\nZNzy9Bg4Myg31pgwhNef1TVqYTPagIwyprMBu4qBMBZ8JaJqLf5swjZk5ZbNmolK\nm+e+hr6CcWagZ3InqeLGEZUl1dDqh6VfuQYb0MttrxNa2sYN6weGfS6kQDlUlTFW\nyY2y+38E0G6t9el6X4yxPPVjv+1Gzvwlt6+cub6JHCxKHSbo+ttPeM49c5oX0RIM\nZAniS4H4smtu9OWR3AaQxpJ5un1BdM7ACESLmu794pLAfJc3s5dVOks0djD+Xy6K\nZaGWOCjc2zumY4QFGCpyTp8UnebmU7miLt8xfHxvH8gi6TG7vY6vp75FucflQvhU\nDgE7UtvbBteouwkSZNA4oK8CAwEAAQ==\n-----END PUBLIC KEY-----\n",
            "rsa_bits": 4096
          },
          "sensitive_attributes": [],
          "private": "bnVsbA=="
        }
      ]
    }
  ]
}
