dependencies:
- name: mongodb
  repository: https://charts.bitnami.com/bitnami
  version: 16.5.21
- name: opensearch
  repository: https://opensearch-project.github.io/helm-charts
  version: 2.34.0
digest: sha256:c27cfb9b2a5643b4514d377eeb894854652bd296a4a3b17bbea82154187f9fea
generated: "2025-09-12T03:55:39.192191089Z"
