dependencies:
- name: mongodb
  repository: https://charts.bitnami.com/bitnami
  version: 13.6.6
- name: opensearch
  repository: https://opensearch-project.github.io/helm-charts
  version: 2.8.0
digest: sha256:9fd00100847a133502f909c00d381d17dd2802c3c724a5e55a95b2266e950f25
generated: "2024-08-09T02:57:04.961435455Z"
