dependencies:
- name: step-issuer
  repository: https://smallstep.github.io/helm-charts
  version: 1.9.9
- name: step-certificates
  repository: https://smallstep.github.io/helm-charts
  version: 1.28.4
- name: trust-manager
  repository: https://charts.jetstack.io
  version: v0.19.0
digest: sha256:49ae9a96198371bae0d2583ece45b609415ec65eb8d7cc44535d1dd536ba3321
generated: "2025-08-19T09:59:24.531120724+05:30"
