dependencies:
- name: step-issuer
  repository: https://smallstep.github.io/helm-charts
  version: 1.9.9
- name: step-certificates
  repository: https://smallstep.github.io/helm-charts
  version: 1.28.4
- name: autocert
  repository: https://smallstep.github.io/helm-charts
  version: 1.20.2
- name: trust-manager
  repository: https://charts.jetstack.io
  version: v0.20.2
digest: sha256:67e4a67908adc910a27df4e4b7bad93f3ac7c42cdcedf54bcb505073814ce764
generated: "2025-10-20T21:02:27.51870969+05:30"
