dependencies:
- name: step-issuer
  repository: https://smallstep.github.io/helm-charts
  version: 1.9.9
- name: step-certificates
  repository: https://smallstep.github.io/helm-charts
  version: 1.28.4
- name: autocert
  repository: https://smallstep.github.io/helm-charts
  version: 1.20.2
- name: trust-manager
  repository: https://charts.jetstack.io
  version: v0.19.0
digest: sha256:9ce1ebece05f4fb1b964c86b478a711d2c2d81a05603a697cf2df6236dbba566
generated: "2025-08-21T09:56:32.301945129+05:30"
