dependencies:
- name: openobserve
  repository: https://charts.openobserve.ai/
  version: 0.13.5
- name: openobserve-standalone
  repository: https://charts.openobserve.ai/
  version: 0.13.5
- name: openobserve-collector
  repository: https://charts.openobserve.ai/
  version: 0.3.14
digest: sha256:fea3ef69b9c137b1684e1959decd3973c79a06e7e28f221c84dd7b580dfa1802
generated: "2024-11-25T12:44:22.614240939+05:30"
