dependencies:
- name: openobserve
  repository: https://charts.openobserve.ai/
  version: 0.13.4
- name: openobserve-standalone
  repository: https://charts.openobserve.ai/
  version: 0.13.4
- name: openobserve-collector
  repository: https://charts.openobserve.ai/
  version: 0.3.14
digest: sha256:6374d896005adb52e26bcc577a79b682daf93ae4598c1e4520f093c00fcc17c8
generated: "2024-11-22T18:56:23.357487587+05:30"
