dependencies:
- name: openobserve
  repository: https://charts.openobserve.ai/
  version: 0.14.40
- name: openobserve-collector
  repository: https://charts.openobserve.ai/
  version: 0.3.22
digest: sha256:64008ddae20b9fd8cf972ecfbceaf97d7a7d7266d310b19915f6af33c52faeb6
generated: "2025-04-01T12:07:31.533009237+05:30"
