dependencies:
- name: traefik
  repository: https://helm.traefik.io/traefik
  version: 41.0.0
- name: traefik
  repository: https://helm.traefik.io/traefik
  version: 41.0.0
digest: sha256:860c08d5c913bd1bea57d73c1a4508bb3b0f39a27b83b0bacf7208272878827b
generated: "2026-07-02T14:43:03.4560509+05:30"
