dependencies:
- name: snapshot-validation-webhook
  repository: https://piraeus.io/helm-charts
  version: 1.7.1
- name: snapshot-controller
  repository: https://piraeus.io/helm-charts
  version: 1.7.2
digest: sha256:da53b99f3607dbecfa5c3593cbefc5e79201963e177cee3fc5d2f1bb7c46a2b0
generated: "2023-04-11T10:23:30.353214871+05:30"
