dependencies:
- name: snapshot-validation-webhook
  repository: https://piraeus.io/helm-charts
  version: 1.7.4
- name: snapshot-controller
  repository: https://piraeus.io/helm-charts
  version: 1.8.3
digest: sha256:16fed1fb7afce96956708dce8bec155bea0de13c31482e69d9db60c3ad9a948e
generated: "2023-07-27T14:09:32.394852994+05:30"
