dependencies:
- name: cert-manager
  repository: https://charts.jetstack.io
  version: v1.8.0
- name: mariadb
  repository: https://charts.bitnami.com/bitnami
  version: 11.0.10
- name: postgresql
  repository: https://charts.bitnami.com/bitnami
  version: 11.9.10
- name: rabbitmq
  repository: https://charts.bitnami.com/bitnami
  version: 10.3.9
- name: redis
  repository: https://charts.bitnami.com/bitnami
  version: 16.13.2
- name: grafana
  repository: https://grafana.github.io/helm-charts
  version: 6.29.6
- name: ingress-nginx
  repository: https://kubernetes.github.io/ingress-nginx
  version: 4.1.4
digest: sha256:be864ffa1707e4203075ec144aba7ec938440a2748bf58abeee53c4269f3ec33
generated: "2023-02-03T14:12:36.934339221Z"
