dependencies:
- name: wazuh
  repository: file://../wazuh
  version: 1.0.0
- name: velociraptor
  repository: file://../velociraptor
  version: 1.0.0
- name: dfir-iris
  repository: file://../dfir-iris
  version: 0.4.0
- name: misp
  repository: file://../misp
  version: 1.1.0
- name: ollama
  repository: file://../ollama
  version: 1.1.0
- name: kubesoc-content
  repository: file://../kubesoc-content
  version: 0.1.0
digest: sha256:05e8ea7f3f885bcb865aab4f1f3c21795cae5fee6d2c2e4550aeeb346f847785
generated: "2026-09-28T17:59:29.963375+05:30"
