dependencies:
- name: opentelemetry-operator
  repository: https://open-telemetry.github.io/opentelemetry-helm-charts
  version: 0.84.1
- name: opentelemetry-collector
  repository: https://open-telemetry.github.io/opentelemetry-helm-charts
  version: 0.120.0
digest: sha256:6adb58c93db5fd079a57be349c3d613dfa5ce5f037bf5e6212af197929614f82
generated: "2025-04-01T12:13:39.61995506+05:30"
