dependencies:
- name: opentelemetry-operator
  repository: https://open-telemetry.github.io/opentelemetry-helm-charts
  version: 0.84.1
- name: opentelemetry-collector
  repository: https://open-telemetry.github.io/opentelemetry-helm-charts
  version: 0.126.0
digest: sha256:085f623ce4c10085e041d348746a71d0bf29c730d77787cceab865fc98990101
generated: "2025-06-03T14:51:27.827850997+05:30"
