dependencies:
- name: hetzner
  repository: file://charts/hetzner
  version: 1.0.0
- name: aws
  repository: file://charts/aws
  version: 1.0.0
- name: azure
  repository: file://charts/azure
  version: 1.0.0
digest: sha256:94b7e2e4b2d49e8ee1a67b9274740a74bbc3c935f0bddb04a48ad756edc7d042
generated: "2025-01-09T18:21:56.925877+05:30"
